
Microsoft Visual Studio Solution File, Format Version 12.00
# Visual Studio Version 17
VisualStudioVersion = 17.1.32328.378
MinimumVisualStudioVersion = 10.0.40219.1
Project("{FAE04EC0-301F-11D3-BF4B-00C04F79EFBC}") = "01_WebApi", "01_WebApi\01_WebApi.csproj", "{A578299D-B475-4F94-8AFA-3BE9759D6868}"
EndProject
Project("{FAE04EC0-301F-11D3-BF4B-00C04F79EFBC}") = "02_ServiceLiftetimes_Singleton_Scoped_Transient", "02_ServiceLiftetimes_Singleton_Scoped_Transient\02_ServiceLiftetimes_Singleton_Scoped_Transient.csproj", "{6BC8B318-7555-4EC6-9A51-8A462706B35A}"
EndProject
Global
	GlobalSection(SolutionConfigurationPlatforms) = preSolution
		Debug|Any CPU = Debug|Any CPU
		Release|Any CPU = Release|Any CPU
	EndGlobalSection
	GlobalSection(ProjectConfigurationPlatforms) = postSolution
		{A578299D-B475-4F94-8AFA-3BE9759D6868}.Debug|Any CPU.ActiveCfg = Debug|Any CPU
		{A578299D-B475-4F94-8AFA-3BE9759D6868}.Debug|Any CPU.Build.0 = Debug|Any CPU
		{A578299D-B475-4F94-8AFA-3BE9759D6868}.Release|Any CPU.ActiveCfg = Release|Any CPU
		{A578299D-B475-4F94-8AFA-3BE9759D6868}.Release|Any CPU.Build.0 = Release|Any CPU
		{6BC8B318-7555-4EC6-9A51-8A462706B35A}.Debug|Any CPU.ActiveCfg = Debug|Any CPU
		{6BC8B318-7555-4EC6-9A51-8A462706B35A}.Debug|Any CPU.Build.0 = Debug|Any CPU
		{6BC8B318-7555-4EC6-9A51-8A462706B35A}.Release|Any CPU.ActiveCfg = Release|Any CPU
		{6BC8B318-7555-4EC6-9A51-8A462706B35A}.Release|Any CPU.Build.0 = Release|Any CPU
	EndGlobalSection
	GlobalSection(SolutionProperties) = preSolution
		HideSolutionNode = FALSE
	EndGlobalSection
	GlobalSection(ExtensibilityGlobals) = postSolution
		SolutionGuid = {EF1BFDCE-33BB-48C0-8C3C-6384C3908287}
	EndGlobalSection
EndGlobal
